<?xml version="1.0" encoding="utf-8"?>
<Project ToolsVersion="4.0" xmlns="http://schemas.microsoft.com/developer/msbuild/2003">
  <ItemGroup>
    <ClCompile Include="CanisMajor.cpp">
      <Filter>Sources</Filter>
    </ClCompile>
    <ClCompile Include="Actor.cpp">
      <Filter>Sources\GameObj</Filter>
    </ClCompile>
    <ClCompile Include="audio.cpp">
      <Filter>Sources\Util</Filter>
    </ClCompile>
    <ClCompile Include="Camera.cpp">
      <Filter>Sources\GameObj</Filter>
    </ClCompile>
    <ClCompile Include="Coin.cpp">
      <Filter>Sources\Geometry</Filter>
    </ClCompile>
    <ClCompile Include="Cube.cpp">
      <Filter>Sources\Geometry</Filter>
    </ClCompile>
    <ClCompile Include="d3dApp.cpp">
      <Filter>Sources\Util</Filter>
    </ClCompile>
    <ClCompile Include="Flashlight.cpp">
      <Filter>Sources\GameObj</Filter>
    </ClCompile>
    <ClCompile Include="GameTimer.cpp">
      <Filter>Sources\Util</Filter>
    </ClCompile>
    <ClCompile Include="Geometry.cpp">
      <Filter>Sources\Geometry</Filter>
    </ClCompile>
    <ClCompile Include="input.cpp">
      <Filter>Sources\Util</Filter>
    </ClCompile>
    <ClCompile Include="Line.cpp">
      <Filter>Sources\Geometry</Filter>
    </ClCompile>
    <ClCompile Include="mathUtil.cpp">
      <Filter>Sources\Util</Filter>
    </ClCompile>
    <ClCompile Include="Origin.cpp">
      <Filter>Sources\Geometry</Filter>
    </ClCompile>
    <ClCompile Include="Quad.cpp">
      <Filter>Sources\Geometry</Filter>
    </ClCompile>
    <ClCompile Include="Door.cpp">
      <Filter>Sources\GameObj</Filter>
    </ClCompile>
    <ClCompile Include="SearchableActor.cpp">
      <Filter>Sources\GameObj</Filter>
    </ClCompile>
    <ClCompile Include="Staircase.cpp">
      <Filter>Sources\GameObj</Filter>
    </ClCompile>
    <ClCompile Include="Dog.cpp">
      <Filter>Sources\GameObj</Filter>
    </ClCompile>
    <ClCompile Include="ReadableActor.cpp">
      <Filter>Sources\GameObj</Filter>
    </ClCompile>
    <ClCompile Include="QuestItem.cpp">
      <Filter>Sources\GameObj</Filter>
    </ClCompile>
    <ClCompile Include="Pedestal.cpp">
      <Filter>Sources\GameObj</Filter>
    </ClCompile>
    <ClCompile Include="Sky.cpp" />
  </ItemGroup>
  <ItemGroup>
    <ClInclude Include="CanisMajor.h">
      <Filter>Headers</Filter>
    </ClInclude>
    <ClInclude Include="audio.h">
      <Filter>Headers\Util</Filter>
    </ClInclude>
    <ClInclude Include="Coin.h">
      <Filter>Headers\Geometry</Filter>
    </ClInclude>
    <ClInclude Include="Actor.h">
      <Filter>Headers\GameObj</Filter>
    </ClInclude>
    <ClInclude Include="Camera.h">
      <Filter>Headers\GameObj</Filter>
    </ClInclude>
    <ClInclude Include="constants.h">
      <Filter>Headers\Util</Filter>
    </ClInclude>
    <ClInclude Include="Controls.h">
      <Filter>Headers\Util</Filter>
    </ClInclude>
    <ClInclude Include="Cube.h">
      <Filter>Headers\Geometry</Filter>
    </ClInclude>
    <ClInclude Include="d3dApp.h">
      <Filter>Headers\Util</Filter>
    </ClInclude>
    <ClInclude Include="d3dUtil.h">
      <Filter>Headers\Util</Filter>
    </ClInclude>
    <ClInclude Include="Flashlight.h">
      <Filter>Headers\GameObj</Filter>
    </ClInclude>
    <ClInclude Include="gameError.h">
      <Filter>Headers\Util</Filter>
    </ClInclude>
    <ClInclude Include="GameTimer.h">
      <Filter>Headers\Util</Filter>
    </ClInclude>
    <ClInclude Include="Geometry.h">
      <Filter>Headers\Geometry</Filter>
    </ClInclude>
    <ClInclude Include="Interactable.h">
      <Filter>Headers\GameObj</Filter>
    </ClInclude>
    <ClInclude Include="input.h">
      <Filter>Headers\Util</Filter>
    </ClInclude>
    <ClInclude Include="Line.h">
      <Filter>Headers\Geometry</Filter>
    </ClInclude>
    <ClInclude Include="Origin.h">
      <Filter>Headers\Geometry</Filter>
    </ClInclude>
    <ClInclude Include="mathUtil.h">
      <Filter>Headers\Util</Filter>
    </ClInclude>
    <ClInclude Include="Quad.h">
      <Filter>Headers\Geometry</Filter>
    </ClInclude>
    <ClInclude Include="Vertex.h">
      <Filter>Headers\Util</Filter>
    </ClInclude>
    <ClInclude Include="Door.h">
      <Filter>Headers\GameObj</Filter>
    </ClInclude>
    <ClInclude Include="SearchableActor.h">
      <Filter>Headers\GameObj</Filter>
    </ClInclude>
    <ClInclude Include="sharedDefines.h">
      <Filter>Shaders</Filter>
    </ClInclude>
    <ClInclude Include="Light.h">
      <Filter>Shaders</Filter>
    </ClInclude>
    <ClInclude Include="Staircase.h">
      <Filter>Headers\GameObj</Filter>
    </ClInclude>
    <ClInclude Include="Dog.h">
      <Filter>Headers\GameObj</Filter>
    </ClInclude>
    <ClInclude Include="GameState.h">
      <Filter>Headers\Util</Filter>
    </ClInclude>
    <ClInclude Include="ReadableActor.h">
      <Filter>Headers\GameObj</Filter>
    </ClInclude>
    <ClInclude Include="Pedestal.h" />
    <ClInclude Include="QuestItem.h">
      <Filter>Headers\GameObj</Filter>
    </ClInclude>
    <ClInclude Include="Sky.h" />
  </ItemGroup>
  <ItemGroup>
    <None Include="lighthelper.fx">
      <Filter>Shaders</Filter>
    </None>
    <None Include="lighting.fx">
      <Filter>Shaders</Filter>
    </None>
  </ItemGroup>
  <ItemGroup>
    <Filter Include="Shaders">
      <UniqueIdentifier>{ef570dd3-8f9f-4b69-87f2-7d9aa325d08f}</UniqueIdentifier>
    </Filter>
    <Filter Include="Sources">
      <UniqueIdentifier>{4b182499-42d3-49aa-a224-4f0ec80b861f}</UniqueIdentifier>
    </Filter>
    <Filter Include="Headers">
      <UniqueIdentifier>{d5d9e561-9fab-406f-aa51-4e9b17de580b}</UniqueIdentifier>
    </Filter>
    <Filter Include="Headers\Util">
      <UniqueIdentifier>{1f7af15b-f893-4cb4-8f67-5db7115360da}</UniqueIdentifier>
    </Filter>
    <Filter Include="Headers\Geometry">
      <UniqueIdentifier>{4f22cb3a-6cfe-4abd-964a-0e5755bfd1e8}</UniqueIdentifier>
    </Filter>
    <Filter Include="Headers\GameObj">
      <UniqueIdentifier>{db30da0b-28b3-4618-8598-72bf5bfb0dea}</UniqueIdentifier>
    </Filter>
    <Filter Include="Sources\Geometry">
      <UniqueIdentifier>{9fb0aa99-152d-4842-9801-6ec0ed072a39}</UniqueIdentifier>
    </Filter>
    <Filter Include="Sources\GameObj">
      <UniqueIdentifier>{1c941bd0-40fc-4a9f-bc09-08bc0a186b34}</UniqueIdentifier>
    </Filter>
    <Filter Include="Sources\Util">
      <UniqueIdentifier>{fd362ca2-cece-4231-a724-807ce3ef66c3}</UniqueIdentifier>
    </Filter>
  </ItemGroup>
  <ItemGroup>
    <FxCompile Include="sky.fx" />
  </ItemGroup>
</Project>