<?xml version="1.0" encoding="utf-8"?>
<Project ToolsVersion="4.0" xmlns="http://schemas.microsoft.com/developer/msbuild/2003">
  <ItemGroup>
    <ClCompile Include="Basement.cpp">
      <Filter>Levels</Filter>
    </ClCompile>
    <ClCompile Include="Attic.cpp">
      <Filter>Levels</Filter>
    </ClCompile>
    <ClCompile Include="FirstFloor.cpp">
      <Filter>Levels</Filter>
    </ClCompile>
    <ClCompile Include="SecondFloor.cpp">
      <Filter>Levels</Filter>
    </ClCompile>
    <ClCompile Include="Actor.cpp">
      <Filter>Source\Game Object</Filter>
    </ClCompile>
    <ClCompile Include="Camera.cpp">
      <Filter>Source\Game Object</Filter>
    </ClCompile>
    <ClCompile Include="Coin.cpp">
      <Filter>Source\Game Object</Filter>
    </ClCompile>
    <ClCompile Include="Cube.cpp">
      <Filter>Source\Game Object</Filter>
    </ClCompile>
    <ClCompile Include="Dog.cpp">
      <Filter>Source\Game Object</Filter>
    </ClCompile>
    <ClCompile Include="Door.cpp">
      <Filter>Source\Game Object</Filter>
    </ClCompile>
    <ClCompile Include="Flashlight.cpp">
      <Filter>Source\Game Object</Filter>
    </ClCompile>
    <ClCompile Include="Geometry.cpp">
      <Filter>Source\Game Object</Filter>
    </ClCompile>
    <ClCompile Include="Line.cpp">
      <Filter>Source\Game Object</Filter>
    </ClCompile>
    <ClCompile Include="Origin.cpp">
      <Filter>Source\Game Object</Filter>
    </ClCompile>
    <ClCompile Include="Pedestal.cpp">
      <Filter>Source\Game Object</Filter>
    </ClCompile>
    <ClCompile Include="QuestItem.cpp">
      <Filter>Source\Game Object</Filter>
    </ClCompile>
    <ClCompile Include="Quad.cpp">
      <Filter>Source\Game Object</Filter>
    </ClCompile>
    <ClCompile Include="ReadableActor.cpp">
      <Filter>Source\Game Object</Filter>
    </ClCompile>
    <ClCompile Include="SearchableActor.cpp">
      <Filter>Source\Game Object</Filter>
    </ClCompile>
    <ClCompile Include="Sky.cpp">
      <Filter>Source\Game Object</Filter>
    </ClCompile>
    <ClCompile Include="Sprite.cpp">
      <Filter>Source\Game Object</Filter>
    </ClCompile>
    <ClCompile Include="Staircase.cpp">
      <Filter>Source\Game Object</Filter>
    </ClCompile>
    <ClCompile Include="audio.cpp">
      <Filter>Source\Util</Filter>
    </ClCompile>
    <ClCompile Include="d3dApp.cpp">
      <Filter>Source\Util</Filter>
    </ClCompile>
    <ClCompile Include="GameTimer.cpp">
      <Filter>Source\Util</Filter>
    </ClCompile>
    <ClCompile Include="input.cpp">
      <Filter>Source\Util</Filter>
    </ClCompile>
    <ClCompile Include="mathUtil.cpp">
      <Filter>Source\Util</Filter>
    </ClCompile>
    <ClCompile Include="CanisMajor.cpp">
      <Filter>Source</Filter>
    </ClCompile>
    <ClCompile Include="GUI.cpp">
      <Filter>Source\Util</Filter>
    </ClCompile>
  </ItemGroup>
  <ItemGroup>
    <ClInclude Include="Camera.h">
      <Filter>Header\Util</Filter>
    </ClInclude>
    <ClInclude Include="audio.h">
      <Filter>Header\Util</Filter>
    </ClInclude>
    <ClInclude Include="d3dUtil.h">
      <Filter>Header\Util</Filter>
    </ClInclude>
    <ClInclude Include="d3dApp.h">
      <Filter>Header\Util</Filter>
    </ClInclude>
    <ClInclude Include="gameError.h">
      <Filter>Header\Util</Filter>
    </ClInclude>
    <ClInclude Include="GameState.h">
      <Filter>Header\Util</Filter>
    </ClInclude>
    <ClInclude Include="input.h">
      <Filter>Header\Util</Filter>
    </ClInclude>
    <ClInclude Include="constants.h">
      <Filter>Header\Util</Filter>
    </ClInclude>
    <ClInclude Include="Actor.h">
      <Filter>Header\Game Object</Filter>
    </ClInclude>
    <ClInclude Include="Coin.h">
      <Filter>Header\Game Object</Filter>
    </ClInclude>
    <ClInclude Include="Cube.h">
      <Filter>Header\Game Object</Filter>
    </ClInclude>
    <ClInclude Include="Dog.h">
      <Filter>Header\Game Object</Filter>
    </ClInclude>
    <ClInclude Include="Door.h">
      <Filter>Header\Game Object</Filter>
    </ClInclude>
    <ClInclude Include="Flashlight.h">
      <Filter>Header\Game Object</Filter>
    </ClInclude>
    <ClInclude Include="Geometry.h">
      <Filter>Header\Game Object</Filter>
    </ClInclude>
    <ClInclude Include="Interactable.h">
      <Filter>Header\Game Object</Filter>
    </ClInclude>
    <ClInclude Include="Light.h">
      <Filter>Header\Game Object</Filter>
    </ClInclude>
    <ClInclude Include="Line.h">
      <Filter>Header\Game Object</Filter>
    </ClInclude>
    <ClInclude Include="Origin.h">
      <Filter>Header\Game Object</Filter>
    </ClInclude>
    <ClInclude Include="Quad.h">
      <Filter>Header\Game Object</Filter>
    </ClInclude>
    <ClInclude Include="QuestItem.h">
      <Filter>Header\Game Object</Filter>
    </ClInclude>
    <ClInclude Include="ReadableActor.h">
      <Filter>Header\Game Object</Filter>
    </ClInclude>
    <ClInclude Include="SearchableActor.h">
      <Filter>Header\Game Object</Filter>
    </ClInclude>
    <ClInclude Include="Sky.h">
      <Filter>Header\Game Object</Filter>
    </ClInclude>
    <ClInclude Include="Sprite.h">
      <Filter>Header\Game Object</Filter>
    </ClInclude>
    <ClInclude Include="Staircase.h">
      <Filter>Header\Game Object</Filter>
    </ClInclude>
    <ClInclude Include="CanisMajor.h">
      <Filter>Header</Filter>
    </ClInclude>
    <ClInclude Include="Controls.h">
      <Filter>Header\Util</Filter>
    </ClInclude>
    <ClInclude Include="GUI.h">
      <Filter>Header\Util</Filter>
    </ClInclude>
    <ClInclude Include="mathUtil.h">
      <Filter>Header\Util</Filter>
    </ClInclude>
    <ClInclude Include="Pedestal.h">
      <Filter>Header\Game Object</Filter>
    </ClInclude>
    <ClInclude Include="GameTimer.h">
      <Filter>Header\Util</Filter>
    </ClInclude>
    <ClInclude Include="sharedDefines.h">
      <Filter>Header\Util</Filter>
    </ClInclude>
    <ClInclude Include="Vertex.h">
      <Filter>Header\Util</Filter>
    </ClInclude>
  </ItemGroup>
  <ItemGroup>
    <None Include="GUI.fx">
      <Filter>FX Files</Filter>
    </None>
    <None Include="lighthelper.fx">
      <Filter>FX Files</Filter>
    </None>
    <None Include="lighting.fx">
      <Filter>FX Files</Filter>
    </None>
    <None Include="sky.fx">
      <Filter>FX Files</Filter>
    </None>
    <None Include="sprite.fx">
      <Filter>FX Files</Filter>
    </None>
  </ItemGroup>
  <ItemGroup>
    <Filter Include="Header">
      <UniqueIdentifier>{f93dc9c2-10ad-4d90-8867-9862ad441787}</UniqueIdentifier>
    </Filter>
    <Filter Include="Source">
      <UniqueIdentifier>{e788dfc1-b4b0-41d5-beab-c2a5ca420a58}</UniqueIdentifier>
    </Filter>
    <Filter Include="Levels">
      <UniqueIdentifier>{1b52ba33-5ae0-4855-961f-61ad7fd669de}</UniqueIdentifier>
    </Filter>
    <Filter Include="Header\Game Object">
      <UniqueIdentifier>{75d513c8-8832-4474-a295-5313c98014ef}</UniqueIdentifier>
    </Filter>
    <Filter Include="Header\Util">
      <UniqueIdentifier>{9f7a8076-4c9d-4206-a34b-a0c6a6ca543f}</UniqueIdentifier>
    </Filter>
    <Filter Include="Source\Game Object">
      <UniqueIdentifier>{9948a365-a7c7-4569-8576-6646ccdc4e73}</UniqueIdentifier>
    </Filter>
    <Filter Include="Source\Util">
      <UniqueIdentifier>{1a992602-20e7-46e2-9a09-720218078ee8}</UniqueIdentifier>
    </Filter>
    <Filter Include="FX Files">
      <UniqueIdentifier>{3758dca0-419a-4ac3-a039-a5a1da1c1731}</UniqueIdentifier>
    </Filter>
  </ItemGroup>
</Project>